// !$*UTF8*$!
{
	archiveVersion = 1;
	classes = {
	};
	objectVersion = 56;
	objects = {

/* Begin PBXBuildFile section */
		808F6F202CCF7EA9007A9C6A /* BrownDayView.swift in Sources */ = {isa = PBXBuildFile; fileRef = 808F6F1F2CCF7EA9007A9C6A /* BrownDayView.swift */; };
		808F6F222CCF7EB2007A9C6A /* BlueDayView.swift in Sources */ = {isa = PBXBuildFile; fileRef = 808F6F212CCF7EB2007A9C6A /* BlueDayView.swift */; };
		809175122CCE726400A13323 /* Model.swift in Sources */ = {isa = PBXBuildFile; fileRef = 809175112CCE726400A13323 /* Model.swift */; };
		809175142CCE726E00A13323 /* Views.swift in Sources */ = {isa = PBXBuildFile; fileRef = 809175132CCE726E00A13323 /* Views.swift */; };
		809175172CCE729400A13323 /* ViewModelTask.swift in Sources */ = {isa = PBXBuildFile; fileRef = 809175162CCE729400A13323 /* ViewModelTask.swift */; };
		80D2FD2D2CC628950082C860 /* LearningApp.swift in Sources */ = {isa = PBXBuildFile; fileRef = 80D2FD2C2CC628950082C860 /* LearningApp.swift */; };
		80D2FD2F2CC628950082C860 /* ContentView.swift in Sources */ = {isa = PBXBuildFile; fileRef = 80D2FD2E2CC628950082C860 /* ContentView.swift */; };
		80D2FD312CC628970082C860 /* Assets.xcassets in Resources */ = {isa = PBXBuildFile; fileRef = 80D2FD302CC628970082C860 /* Assets.xcassets */; };
		80D2FD342CC628970082C860 /* Preview Assets.xcassets in Resources */ = {isa = PBXBuildFile; fileRef = 80D2FD332CC628970082C860 /* Preview Assets.xcassets */; };
		80D2FD3E2CC628970082C860 /* LearningTests.swift in Sources */ = {isa = PBXBuildFile; fileRef = 80D2FD3D2CC628970082C860 /* LearningTests.swift */; };
		80D2FD482CC628970082C860 /* LearningUITests.swift in Sources */ = {isa = PBXBuildFile; fileRef = 80D2FD472CC628970082C860 /* LearningUITests.swift */; };
		80D2FD4A2CC628970082C860 /* LearningUITestsLaunchTests.swift in Sources */ = {isa = PBXBuildFile; fileRef = 80D2FD492CC628970082C860 /* LearningUITestsLaunchTests.swift */; };
/* End PBXBuildFile section */

/* Begin PBXContainerItemProxy section */
		80D2FD3A2CC628970082C860 /* PBXContainerItemProxy */ = {
			isa = PBXContainerItemProxy;
			containerPortal = 80D2FD212CC628950082C860 /* Project object */;
			proxyType = 1;
			remoteGlobalIDString = 80D2FD282CC628950082C860;
			remoteInfo = Learning;
		};
		80D2FD442CC628970082C860 /* PBXContainerItemProxy */ = {
			isa = PBXContainerItemProxy;
			containerPortal = 80D2FD212CC628950082C860 /* Project object */;
			proxyType = 1;
			remoteGlobalIDString = 80D2FD282CC628950082C860;
			remoteInfo = Learning;
		};
/* End PBXContainerItemProxy section */

/* Begin PBXFileReference section */
		808F6F1F2CCF7EA9007A9C6A /* BrownDayView.swift */ = {isa = PBXFileReference; lastKnownFileType = sourcecode.swift; path = BrownDayView.swift; sourceTree = "<group>"; };
		808F6F212CCF7EB2007A9C6A /* BlueDayView.swift */ = {isa = PBXFileReference; lastKnownFileType = sourcecode.swift; path = BlueDayView.swift; sourceTree = "<group>"; };
		809175112CCE726400A13323 /* Model.swift */ = {isa = PBXFileReference; lastKnownFileType = sourcecode.swift; path = Model.swift; sourceTree = "<group>"; };
		809175132CCE726E00A13323 /* Views.swift */ = {isa = PBXFileReference; lastKnownFileType = sourcecode.swift; path = Views.swift; sourceTree = "<group>"; };
		809175162CCE729400A13323 /* ViewModelTask.swift */ = {isa = PBXFileReference; lastKnownFileType = sourcecode.swift; path = ViewModelTask.swift; sourceTree = "<group>"; };
		80D2FD292CC628950082C860 /* Learning.app */ = {isa = PBXFileReference; explicitFileType = wrapper.application; includeInIndex = 0; path = Learning.app; sourceTree = BUILT_PRODUCTS_DIR; };
		80D2FD2C2CC628950082C860 /* LearningApp.swift */ = {isa = PBXFileReference; lastKnownFileType = sourcecode.swift; path = LearningApp.swift; sourceTree = "<group>"; };
		80D2FD2E2CC628950082C860 /* ContentView.swift */ = {isa = PBXFileReference; lastKnownFileType = sourcecode.swift; path = ContentView.swift; sourceTree = "<group>"; };
		80D2FD302CC628970082C860 /* Assets.xcassets */ = {isa = PBXFileReference; lastKnownFileType = folder.assetcatalog; path = Assets.xcassets; sourceTree = "<group>"; };
		80D2FD332CC628970082C860 /* Preview Assets.xcassets */ = {isa = PBXFileReference; lastKnownFileType = folder.assetcatalog; path = "Preview Assets.xcassets"; sourceTree = "<group>"; };
		80D2FD392CC628970082C860 /* LearningTests.xctest */ = {isa = PBXFileReference; explicitFileType = wrapper.cfbundle; includeInIndex = 0; path = LearningTests.xctest; sourceTree = BUILT_PRODUCTS_DIR; };
		80D2FD3D2CC628970082C860 /* LearningTests.swift */ = {isa = PBXFileReference; lastKnownFileType = sourcecode.swift; path = LearningTests.swift; sourceTree = "<group>"; };
		80D2FD432CC628970082C860 /* LearningUITests.xctest */ = {isa = PBXFileReference; explicitFileType = wrapper.cfbundle; includeInIndex = 0; path = LearningUITests.xctest; sourceTree = BUILT_PRODUCTS_DIR; };
		80D2FD472CC628970082C860 /* LearningUITests.swift */ = {isa = PBXFileReference; lastKnownFileType = sourcecode.swift; path = LearningUITests.swift; sourceTree = "<group>"; };
		80D2FD492CC628970082C860 /* LearningUITestsLaunchTests.swift */ = {isa = PBXFileReference; lastKnownFileType = sourcecode.swift; path = LearningUITestsLaunchTests.swift; sourceTree = "<group>"; };
/* End PBXFileReference section */

/* Begin PBXFrameworksBuildPhase section */
		80D2FD262CC628950082C860 /* Frameworks */ = {
			isa = PBXFrameworksBuildPhase;
			buildActionMask = 2147483647;
			files = (
			);
			runOnlyForDeploymentPostprocessing = 0;
		};
		80D2FD362CC628970082C860 /* Frameworks */ = {
			isa = PBXFrameworksBuildPhase;
			buildActionMask = 2147483647;
			files = (
			);
			runOnlyForDeploymentPostprocessing = 0;
		};
		80D2FD402CC628970082C860 /* Frameworks */ = {
			isa = PBXFrameworksBuildPhase;
			buildActionMask = 2147483647;
			files = (
			);
			runOnlyForDeploymentPostprocessing = 0;
		};
/* End PBXFrameworksBuildPhase section */

/* Begin PBXGroup section */
		8091750F2CCE723800A13323 /* view */ = {
			isa = PBXGroup;
			children = (
				809175132CCE726E00A13323 /* Views.swift */,
				808F6F1F2CCF7EA9007A9C6A /* BrownDayView.swift */,
				808F6F212CCF7EB2007A9C6A /* BlueDayView.swift */,
			);
			path = view;
			sourceTree = "<group>";
		};
		809175102CCE725600A13323 /* Model */ = {
			isa = PBXGroup;
			children = (
				809175112CCE726400A13323 /* Model.swift */,
			);
			path = Model;
			sourceTree = "<group>";
		};
		809175152CCE728400A13323 /* ViewModel */ = {
			isa = PBXGroup;
			children = (
				809175162CCE729400A13323 /* ViewModelTask.swift */,
			);
			path = ViewModel;
			sourceTree = "<group>";
		};
		80D2FD202CC628950082C860 = {
			isa = PBXGroup;
			children = (
				809175152CCE728400A13323 /* ViewModel */,
				809175102CCE725600A13323 /* Model */,
				8091750F2CCE723800A13323 /* view */,
				80D2FD2B2CC628950082C860 /* Learning */,
				80D2FD3C2CC628970082C860 /* LearningTests */,
				80D2FD462CC628970082C860 /* LearningUITests */,
				80D2FD2A2CC628950082C860 /* Products */,
			);
			sourceTree = "<group>";
		};
		80D2FD2A2CC628950082C860 /* Products */ = {
			isa = PBXGroup;
			children = (
				80D2FD292CC628950082C860 /* Learning.app */,
				80D2FD392CC628970082C860 /* LearningTests.xctest */,
				80D2FD432CC628970082C860 /* LearningUITests.xctest */,
			);
			name = Products;
			sourceTree = "<group>";
		};
		80D2FD2B2CC628950082C860 /* Learning */ = {
			isa = PBXGroup;
			children = (
				80D2FD2C2CC628950082C860 /* LearningApp.swift */,
				80D2FD2E2CC628950082C860 /* ContentView.swift */,
				80D2FD302CC628970082C860 /* Assets.xcassets */,
				80D2FD322CC628970082C860 /* Preview Content */,
			);
			path = Learning;
			sourceTree = "<group>";
		};
		80D2FD322CC628970082C860 /* Preview Content */ = {
			isa = PBXGroup;
			children = (
				80D2FD332CC628970082C860 /* Preview Assets.xcassets */,
			);
			path = "Preview Content";
			sourceTree = "<group>";
		};
		80D2FD3C2CC628970082C860 /* LearningTests */ = {
			isa = PBXGroup;
			children = (
				80D2FD3D2CC628970082C860 /* LearningTests.swift */,
			);
			path = LearningTests;
			sourceTree = "<group>";
		};
		80D2FD462CC628970082C860 /* LearningUITests */ = {
			isa = PBXGroup;
			children = (
				80D2FD472CC628970082C860 /* LearningUITests.swift */,
				80D2FD492CC628970082C860 /* LearningUITestsLaunchTests.swift */,
			);
			path = LearningUITests;
			sourceTree = "<group>";
		};
/* End PBXGroup section */

/* Begin PBXNativeTarget section */
		80D2FD282CC628950082C860 /* Learning */ = {
			isa = PBXNativeTarget;
			buildConfigurationList = 80D2FD4D2CC628970082C860 /* Build configuration list for PBXNativeTarget "Learning" */;
			buildPhases = (
				80D2FD252CC628950082C860 /* Sources */,
				80D2FD262CC628950082C860 /* Frameworks */,
				80D2FD272CC628950082C860 /* Resources */,
			);
			buildRules = (
			);
			dependencies = (
			);
			name = Learning;
			productName = Learning;
			productReference = 80D2FD292CC628950082C860 /* Learning.app */;
			productType = "com.apple.product-type.application";
		};
		80D2FD382CC628970082C860 /* LearningTests */ = {
			isa = PBXNativeTarget;
			buildConfigurationList = 80D2FD502CC628970082C860 /* Build configuration list for PBXNativeTarget "LearningTests" */;
			buildPhases = (
				80D2FD352CC628970082C860 /* Sources */,
				80D2FD362CC628970082C860 /* Frameworks */,
				80D2FD372CC628970082C860 /* Resources */,
			);
			buildRules = (
			);
			dependencies = (
				80D2FD3B2CC628970082C860 /* PBXTargetDependency */,
			);
			name = LearningTests;
			productName = LearningTests;
			productReference = 80D2FD392CC628970082C860 /* LearningTests.xctest */;
			productType = "com.apple.product-type.bundle.unit-test";
		};
		80D2FD422CC628970082C860 /* LearningUITests */ = {
			isa = PBXNativeTarget;
			buildConfigurationList = 80D2FD532CC628970082C860 /* Build configuration list for PBXNativeTarget "LearningUITests" */;
			buildPhases = (
				80D2FD3F2CC628970082C860 /* Sources */,
				80D2FD402CC628970082C860 /* Frameworks */,
				80D2FD412CC628970082C860 /* Resources */,
			);
			buildRules = (
			);
			dependencies = (
				80D2FD452CC628970082C860 /* PBXTargetDependency */,
			);
			name = LearningUITests;
			productName = LearningUITests;
			productReference = 80D2FD432CC628970082C860 /* LearningUITests.xctest */;
			productType = "com.apple.product-type.bundle.ui-testing";
		};
/* End PBXNativeTarget section */

/* Begin PBXProject section */
		80D2FD212CC628950082C860 /* Project object */ = {
			isa = PBXProject;
			attributes = {
				BuildIndependentTargetsInParallel = 1;
				LastSwiftUpdateCheck = 1540;
				LastUpgradeCheck = 1540;
				TargetAttributes = {
					80D2FD282CC628950082C860 = {
						CreatedOnToolsVersion = 15.4;
					};
					80D2FD382CC628970082C860 = {
						CreatedOnToolsVersion = 15.4;
						TestTargetID = 80D2FD282CC628950082C860;
					};
					80D2FD422CC628970082C860 = {
						CreatedOnToolsVersion = 15.4;
						TestTargetID = 80D2FD282CC628950082C860;
					};
				};
			};
			buildConfigurationList = 80D2FD242CC628950082C860 /* Build configuration list for PBXProject "Learning" */;
			compatibilityVersion = "Xcode 14.0";
			developmentRegion = en;
			hasScannedForEncodings = 0;
			knownRegions = (
				en,
				Base,
			);
			mainGroup = 80D2FD202CC628950082C860;
			productRefGroup = 80D2FD2A2CC628950082C860 /* Products */;
			projectDirPath = "";
			projectRoot = "";
			targets = (
				80D2FD282CC628950082C860 /* Learning */,
				80D2FD382CC628970082C860 /* LearningTests */,
				80D2FD422CC628970082C860 /* LearningUITests */,
			);
		};
/* End PBXProject section */

/* Begin PBXResourcesBuildPhase section */
		80D2FD272CC628950082C860 /* Resources */ = {
			isa = PBXResourcesBuildPhase;
			buildActionMask = 2147483647;
			files = (
				80D2FD342CC628970082C860 /* Preview Assets.xcassets in Resources */,
				80D2FD312CC628970082C860 /* Assets.xcassets in Resources */,
			);
			runOnlyForDeploymentPostprocessing = 0;
		};
		80D2FD372CC628970082C860 /* Resources */ = {
			isa = PBXResourcesBuildPhase;
			buildActionMask = 2147483647;
			files = (
			);
			runOnlyForDeploymentPostprocessing = 0;
		};
		80D2FD412CC628970082C860 /* Resources */ = {
			isa = PBXResourcesBuildPhase;
			buildActionMask = 2147483647;
			files = (
			);
			runOnlyForDeploymentPostprocessing = 0;
		};
/* End PBXResourcesBuildPhase section */

/* Begin PBXSourcesBuildPhase section */
		80D2FD252CC628950082C860 /* Sources */ = {
			isa = PBXSourcesBuildPhase;
			buildActionMask = 2147483647;
			files = (
				80D2FD2F2CC628950082C860 /* ContentView.swift in Sources */,
				809175142CCE726E00A13323 /* Views.swift in Sources */,
				80D2FD2D2CC628950082C860 /* LearningApp.swift in Sources */,
				808F6F222CCF7EB2007A9C6A /* BlueDayView.swift in Sources */,
				808F6F202CCF7EA9007A9C6A /* BrownDayView.swift in Sources */,
				809175172CCE729400A13323 /* ViewModelTask.swift in Sources */,
				809175122CCE726400A13323 /* Model.swift in Sources */,
			);
			runOnlyForDeploymentPostprocessing = 0;
		};
		80D2FD352CC628970082C860 /* Sources */ = {
			isa = PBXSourcesBuildPhase;
			buildActionMask = 2147483647;
			files = (
				80D2FD3E2CC628970082C860 /* LearningTests.swift in Sources */,
			);
			runOnlyForDeploymentPostprocessing = 0;
		};
		80D2FD3F2CC628970082C860 /* Sources */ = {
			isa = PBXSourcesBuildPhase;
			buildActionMask = 2147483647;
			files = (
				80D2FD4A2CC628970082C860 /* LearningUITestsLaunchTests.swift in Sources */,
				80D2FD482CC628970082C860 /* LearningUITests.swift in Sources */,
			);
			runOnlyForDeploymentPostprocessing = 0;
		};
/* End PBXSourcesBuildPhase section */

/* Begin PBXTargetDependency section */
		80D2FD3B2CC628970082C860 /* PBXTargetDependency */ = {
			isa = PBXTargetDependency;
			target = 80D2FD282CC628950082C860 /* Learning */;
			targetProxy = 80D2FD3A2CC628970082C860 /* PBXContainerItemProxy */;
		};
		80D2FD452CC628970082C860 /* PBXTargetDependency */ = {
			isa = PBXTargetDependency;
			target = 80D2FD282CC628950082C860 /* Learning */;
			targetProxy = 80D2FD442CC628970082C860 /* PBXContainerItemProxy */;
		};
/* End PBXTargetDependency section */

/* Begin XCBuildConfiguration section */
		80D2FD4B2CC628970082C860 /* Debug */ = {
			isa = XCBuildConfiguration;
			buildSettings = {
				ALWAYS_SEARCH_USER_PATHS = NO;
				ASSETCATALOG_COMPILER_GENERATE_SWIFT_ASSET_SYMBOL_EXTENSIONS = YES;
				CLANG_ANALYZER_NONNULL = YES;
				CLANG_ANALYZER_NUMBER_OBJECT_CONVERSION = YES_AGGRESSIVE;
				CLANG_CXX_LANGUAGE_STANDARD = "gnu++20";
				CLANG_ENABLE_MODULES = YES;
				CLANG_ENABLE_OBJC_ARC = YES;
				CLANG_ENABLE_OBJC_WEAK = YES;
				CLANG_WARN_BLOCK_CAPTURE_AUTORELEASING = YES;
				CLANG_WARN_BOOL_CONVERSION = YES;
				CLANG_WARN_COMMA = YES;
				CLANG_WARN_CONSTANT_CONVERSION = YES;
				CLANG_WARN_DEPRECATED_OBJC_IMPLEMENTATIONS = YES;
				CLANG_WARN_DIRECT_OBJC_ISA_USAGE = YES_ERROR;
				CLANG_WARN_DOCUMENTATION_COMMENTS = YES;
				CLANG_WARN_EMPTY_BODY = YES;
				CLANG_WARN_ENUM_CONVERSION = YES;
				CLANG_WARN_INFINITE_RECURSION = YES;
				CLANG_WARN_INT_CONVERSION = YES;
				CLANG_WARN_NON_LITERAL_NULL_CONVERSION = YES;
				CLANG_WARN_OBJC_IMPLICIT_RETAIN_SELF = YES;
				CLANG_WARN_OBJC_LITERAL_CONVERSION = YES;
				CLANG_WARN_OBJC_ROOT_CLASS = YES_ERROR;
				CLANG_WARN_QUOTED_INCLUDE_IN_FRAMEWORK_HEADER = YES;
				CLANG_WARN_RANGE_LOOP_ANALYSIS = YES;
				CLANG_WARN_STRICT_PROTOTYPES = YES;
				CLANG_WARN_SUSPICIOUS_MOVE = YES;
				CLANG_WARN_UNGUARDED_AVAILABILITY = YES_AGGRESSIVE;
				CLANG_WARN_UNREACHABLE_CODE = YES;
				CLANG_WARN__DUPLICATE_METHOD_MATCH = YES;
				COPY_PHASE_STRIP = NO;
				DEBUG_INFORMATION_FORMAT = dwarf;
				ENABLE_STRICT_OBJC_MSGSEND = YES;
				ENABLE_TESTABILITY = YES;
				ENABLE_USER_SCRIPT_SANDBOXING = YES;
				GCC_C_LANGUAGE_STANDARD = gnu17;
				GCC_DYNAMIC_NO_PIC = NO;
				GCC_NO_COMMON_BLOCKS = YES;
				GCC_OPTIMIZATION_LEVEL = 0;
				GCC_PREPROCESSOR_DEFINITIONS = (
					"DEBUG=1",
					"$(inherited)",
				);
				GCC_WARN_64_TO_32_BIT_CONVERSION = YES;
				GCC_WARN_ABOUT_RETURN_TYPE = YES_ERROR;
				GCC_WARN_UNDECLARED_SELECTOR = YES;
				GCC_WARN_UNINITIALIZED_AUTOS = YES_AGGRESSIVE;
				GCC_WARN_UNUSED_FUNCTION = YES;
				GCC_WARN_UNUSED_VARIABLE = YES;
				IPHONEOS_DEPLOYMENT_TARGET = 17.5;
				LOCALIZATION_PREFERS_STRING_CATALOGS = YES;
				MTL_ENABLE_DEBUG_INFO = INCLUDE_SOURCE;
				MTL_FAST_MATH = YES;
				ONLY_ACTIVE_ARCH = YES;
				SDKROOT = iphoneos;
				SWIFT_ACTIVE_COMPILATION_CONDITIONS = "DEBUG $(inherited)";
				SWIFT_OPTIMIZATION_LEVEL = "-Onone";
			};
			name = Debug;
		};
		80D2FD4C2CC628970082C860 /* Release */ = {
			isa = XCBuildConfiguration;
			buildSettings = {
				ALWAYS_SEARCH_USER_PATHS = NO;
				ASSETCATALOG_COMPILER_GENERATE_SWIFT_ASSET_SYMBOL_EXTENSIONS = YES;
				CLANG_ANALYZER_NONNULL = YES;
				CLANG_ANALYZER_NUMBER_OBJECT_CONVERSION = YES_AGGRESSIVE;
				CLANG_CXX_LANGUAGE_STANDARD = "gnu++20";
				CLANG_ENABLE_MODULES = YES;
				CLANG_ENABLE_OBJC_ARC = YES;
				CLANG_ENABLE_OBJC_WEAK = YES;
				CLANG_WARN_BLOCK_CAPTURE_AUTORELEASING = YES;
				CLANG_WARN_BOOL_CONVERSION = YES;
				CLANG_WARN_COMMA = YES;
				CLANG_WARN_CONSTANT_CONVERSION = YES;
				CLANG_WARN_DEPRECATED_OBJC_IMPLEMENTATIONS = YES;
				CLANG_WARN_DIRECT_OBJC_ISA_USAGE = YES_ERROR;
				CLANG_WARN_DOCUMENTATION_COMMENTS = YES;
				CLANG_WARN_EMPTY_BODY = YES;
				CLANG_WARN_ENUM_CONVERSION = YES;
				CLANG_WARN_INFINITE_RECURSION = YES;
				CLANG_WARN_INT_CONVERSION = YES;
				CLANG_WARN_NON_LITERAL_NULL_CONVERSION = YES;
				CLANG_WARN_OBJC_IMPLICIT_RETAIN_SELF = YES;
				CLANG_WARN_OBJC_LITERAL_CONVERSION = YES;
				CLANG_WARN_OBJC_ROOT_CLASS = YES_ERROR;
				CLANG_WARN_QUOTED_INCLUDE_IN_FRAMEWORK_HEADER = YES;
				CLANG_WARN_RANGE_LOOP_ANALYSIS = YES;
				CLANG_WARN_STRICT_PROTOTYPES = YES;
				CLANG_WARN_SUSPICIOUS_MOVE = YES;
				CLANG_WARN_UNGUARDED_AVAILABILITY = YES_AGGRESSIVE;
				CLANG_WARN_UNREACHABLE_CODE = YES;
				CLANG_WARN__DUPLICATE_METHOD_MATCH = YES;
				COPY_PHASE_STRIP = NO;
				DEBUG_INFORMATION_FORMAT = "dwarf-with-dsym";
				ENABLE_NS_ASSERTIONS = NO;
				ENABLE_STRICT_OBJC_MSGSEND = YES;
				ENABLE_USER_SCRIPT_SANDBOXING = YES;
				GCC_C_LANGUAGE_STANDARD = gnu17;
				GCC_NO_COMMON_BLOCKS = YES;
				GCC_WARN_64_TO_32_BIT_CONVERSION = YES;
				GCC_WARN_ABOUT_RETURN_TYPE = YES_ERROR;
				GCC_WARN_UNDECLARED_SELECTOR = YES;
				GCC_WARN_UNINITIALIZED_AUTOS = YES_AGGRESSIVE;
				GCC_WARN_UNUSED_FUNCTION = YES;
				GCC_WARN_UNUSED_VARIABLE = YES;
				IPHONEOS_DEPLOYMENT_TARGET = 17.5;
				LOCALIZATION_PREFERS_STRING_CATALOGS = YES;
				MTL_ENABLE_DEBUG_INFO = NO;
				MTL_FAST_MATH = YES;
				SDKROOT = iphoneos;
				SWIFT_COMPILATION_MODE = wholemodule;
				VALIDATE_PRODUCT = YES;
			};
			name = Release;
		};
		80D2FD4E2CC628970082C860 /* Debug */ = {
			isa = XCBuildConfiguration;
			buildSettings = {
				ASSETCATALOG_COMPILER_APPICON_NAME = AppIcon;
				ASSETCATALOG_COMPILER_GLOBAL_ACCENT_COLOR_NAME = AccentColor;
				CODE_SIGN_STYLE = Automatic;
				CURRENT_PROJECT_VERSION = 1;
				DEVELOPMENT_ASSET_PATHS = "\"Learning/Preview Content\"";
				ENABLE_PREVIEWS = YES;
				GENERATE_INFOPLIST_FILE = YES;
				INFOPLIST_KEY_UIApplicationSceneManifest_Generation = YES;
				INFOPLIST_KEY_UIApplicationSupportsIndirectInputEvents = YES;
				INFOPLIST_KEY_UILaunchScreen_Generation = YES;
				INFOPLIST_KEY_UISupportedInterfaceOrientations_iPad = "UIInterfaceOrientationPortrait UIInterfaceOrientationPortraitUpsideDown UIInterfaceOrientationLandscapeLeft UIInterfaceOrientationLandscapeRight";
				INFOPLIST_KEY_UISupportedInterfaceOrientations_iPhone = "UIInterfaceOrientationPortrait UIInterfaceOrientationLandscapeLeft UIInterfaceOrientationLandscapeRight";
				LD_RUNPATH_SEARCH_PATHS = (
					"$(inherited)",
					"@executable_path/Frameworks",
				);
				MARKETING_VERSION = 1.0;
				PRODUCT_BUNDLE_IDENTIFIER = com.malak.Learning;
				PRODUCT_NAME = "$(TARGET_NAME)";
				SWIFT_EMIT_LOC_STRINGS = YES;
				SWIFT_VERSION = 5.0;
				TARGETED_DEVICE_FAMILY = "1,2";
			};
			name = Debug;
		};
		80D2FD4F2CC628970082C860 /* Release */ = {
			isa = XCBuildConfiguration;
			buildSettings = {
				ASSETCATALOG_COMPILER_APPICON_NAME = AppIcon;
				ASSETCATALOG_COMPILER_GLOBAL_ACCENT_COLOR_NAME = AccentColor;
				CODE_SIGN_STYLE = Automatic;
				CURRENT_PROJECT_VERSION = 1;
				DEVELOPMENT_ASSET_PATHS = "\"Learning/Preview Content\"";
				ENABLE_PREVIEWS = YES;
				GENERATE_INFOPLIST_FILE = YES;
				INFOPLIST_KEY_UIApplicationSceneManifest_Generation = YES;
				INFOPLIST_KEY_UIApplicationSupportsIndirectInputEvents = YES;
				INFOPLIST_KEY_UILaunchScreen_Generation = YES;
				INFOPLIST_KEY_UISupportedInterfaceOrientations_iPad = "UIInterfaceOrientationPortrait UIInterfaceOrientationPortraitUpsideDown UIInterfaceOrientationLandscapeLeft UIInterfaceOrientationLandscapeRight";
				INFOPLIST_KEY_UISupportedInterfaceOrientations_iPhone = "UIInterfaceOrientationPortrait UIInterfaceOrientationLandscapeLeft UIInterfaceOrientationLandscapeRight";
				LD_RUNPATH_SEARCH_PATHS = (
					"$(inherited)",
					"@executable_path/Frameworks",
				);
				MARKETING_VERSION = 1.0;
				PRODUCT_BUNDLE_IDENTIFIER = com.malak.Learning;
				PRODUCT_NAME = "$(TARGET_NAME)";
				SWIFT_EMIT_LOC_STRINGS = YES;
				SWIFT_VERSION = 5.0;
				TARGETED_DEVICE_FAMILY = "1,2";
			};
			name = Release;
		};
		80D2FD512CC628970082C860 /* Debug */ = {
			isa = XCBuildConfiguration;
			buildSettings = {
				ALWAYS_EMBED_SWIFT_STANDARD_LIBRARIES = YES;
				BUNDLE_LOADER = "$(TEST_HOST)";
				CODE_SIGN_STYLE = Automatic;
				CURRENT_PROJECT_VERSION = 1;
				GENERATE_INFOPLIST_FILE = YES;
				IPHONEOS_DEPLOYMENT_TARGET = 17.5;
				MARKETING_VERSION = 1.0;
				PRODUCT_BUNDLE_IDENTIFIER = com.malak.LearningTests;
				PRODUCT_NAME = "$(TARGET_NAME)";
				SWIFT_EMIT_LOC_STRINGS = NO;
				SWIFT_VERSION = 5.0;
				TARGETED_DEVICE_FAMILY = "1,2";
				TEST_HOST = "$(BUILT_PRODUCTS_DIR)/Learning.app/$(BUNDLE_EXECUTABLE_FOLDER_PATH)/Learning";
			};
			name = Debug;
		};
		80D2FD522CC628970082C860 /* Release */ = {
			isa = XCBuildConfiguration;
			buildSettings = {
				ALWAYS_EMBED_SWIFT_STANDARD_LIBRARIES = YES;
				BUNDLE_LOADER = "$(TEST_HOST)";
				CODE_SIGN_STYLE = Automatic;
				CURRENT_PROJECT_VERSION = 1;
				GENERATE_INFOPLIST_FILE = YES;
				IPHONEOS_DEPLOYMENT_TARGET = 17.5;
				MARKETING_VERSION = 1.0;
				PRODUCT_BUNDLE_IDENTIFIER = com.malak.LearningTests;
				PRODUCT_NAME = "$(TARGET_NAME)";
				SWIFT_EMIT_LOC_STRINGS = NO;
				SWIFT_VERSION = 5.0;
				TARGETED_DEVICE_FAMILY = "1,2";
				TEST_HOST = "$(BUILT_PRODUCTS_DIR)/Learning.app/$(BUNDLE_EXECUTABLE_FOLDER_PATH)/Learning";
			};
			name = Release;
		};
		80D2FD542CC628970082C860 /* Debug */ = {
			isa = XCBuildConfiguration;
			buildSettings = {
				ALWAYS_EMBED_SWIFT_STANDARD_LIBRARIES = YES;
				CODE_SIGN_STYLE = Automatic;
				CURRENT_PROJECT_VERSION = 1;
				GENERATE_INFOPLIST_FILE = YES;
				MARKETING_VERSION = 1.0;
				PRODUCT_BUNDLE_IDENTIFIER = com.malak.LearningUITests;
				PRODUCT_NAME = "$(TARGET_NAME)";
				SWIFT_EMIT_LOC_STRINGS = NO;
				SWIFT_VERSION = 5.0;
				TARGETED_DEVICE_FAMILY = "1,2";
				TEST_TARGET_NAME = Learning;
			};
			name = Debug;
		};
		80D2FD552CC628970082C860 /* Release */ = {
			isa = XCBuildConfiguration;
			buildSettings = {
				ALWAYS_EMBED_SWIFT_STANDARD_LIBRARIES = YES;
				CODE_SIGN_STYLE = Automatic;
				CURRENT_PROJECT_VERSION = 1;
				GENERATE_INFOPLIST_FILE = YES;
				MARKETING_VERSION = 1.0;
				PRODUCT_BUNDLE_IDENTIFIER = com.malak.LearningUITests;
				PRODUCT_NAME = "$(TARGET_NAME)";
				SWIFT_EMIT_LOC_STRINGS = NO;
				SWIFT_VERSION = 5.0;
				TARGETED_DEVICE_FAMILY = "1,2";
				TEST_TARGET_NAME = Learning;
			};
			name = Release;
		};
/* End XCBuildConfiguration section */

/* Begin XCConfigurationList section */
		80D2FD242CC628950082C860 /* Build configuration list for PBXProject "Learning" */ = {
			isa = XCConfigurationList;
			buildConfigurations = (
				80D2FD4B2CC628970082C860 /* Debug */,
				80D2FD4C2CC628970082C860 /* Release */,
			);
			defaultConfigurationIsVisible = 0;
			defaultConfigurationName = Release;
		};
		80D2FD4D2CC628970082C860 /* Build configuration list for PBXNativeTarget "Learning" */ = {
			isa = XCConfigurationList;
			buildConfigurations = (
				80D2FD4E2CC628970082C860 /* Debug */,
				80D2FD4F2CC628970082C860 /* Release */,
			);
			defaultConfigurationIsVisible = 0;
			defaultConfigurationName = Release;
		};
		80D2FD502CC628970082C860 /* Build configuration list for PBXNativeTarget "LearningTests" */ = {
			isa = XCConfigurationList;
			buildConfigurations = (
				80D2FD512CC628970082C860 /* Debug */,
				80D2FD522CC628970082C860 /* Release */,
			);
			defaultConfigurationIsVisible = 0;
			defaultConfigurationName = Release;
		};
		80D2FD532CC628970082C860 /* Build configuration list for PBXNativeTarget "LearningUITests" */ = {
			isa = XCConfigurationList;
			buildConfigurations = (
				80D2FD542CC628970082C860 /* Debug */,
				80D2FD552CC628970082C860 /* Release */,
			);
			defaultConfigurationIsVisible = 0;
			defaultConfigurationName = Release;
		};
/* End XCConfigurationList section */
	};
	rootObject = 80D2FD212CC628950082C860 /* Project object */;
}
